
Microsoft Visual Studio Solution File, Format Version 12.00
# Visual Studio Version 16
VisualStudioVersion = 16.0.31005.135
MinimumVisualStudioVersion = 10.0.40219.1
Project("{FAE04EC0-301F-11D3-BF4B-00C04F79EFBC}") = "Homework4", "Homework4.csproj", "{63BA33B5-07FC-46BD-A28A-7FA248A7B405}"
EndProject
Global
	GlobalSection(SolutionConfigurationPlatforms) = preSolution
		Debug|Any CPU = Debug|Any CPU
		Release|Any CPU = Release|Any CPU
	EndGlobalSection
	GlobalSection(ProjectConfigurationPlatforms) = postSolution
		{63BA33B5-07FC-46BD-A28A-7FA248A7B405}.Debug|Any CPU.ActiveCfg = Debug|Any CPU
		{63BA33B5-07FC-46BD-A28A-7FA248A7B405}.Debug|Any CPU.Build.0 = Debug|Any CPU
		{63BA33B5-07FC-46BD-A28A-7FA248A7B405}.Release|Any CPU.ActiveCfg = Release|Any CPU
		{63BA33B5-07FC-46BD-A28A-7FA248A7B405}.Release|Any CPU.Build.0 = Release|Any CPU
	EndGlobalSection
	GlobalSection(SolutionProperties) = preSolution
		HideSolutionNode = FALSE
	EndGlobalSection
	GlobalSection(ExtensibilityGlobals) = postSolution
		SolutionGuid = {81051272-4830-4CBC-B855-AB72E63D78DB}
	EndGlobalSection
EndGlobal
